{
  "originHash" : "86cf1e30b2b37c1ee3178f51e1da35b754729926b712261d515dda037dc2ab98",
  "pins" : [
    {
      "identity" : "fcuuid",
      "kind" : "remoteSourceControl",
      "location" : "https://github.com/fabiocaccamo/FCUUID",
      "state" : {
        "revision" : "0feaccaa517ef5979d58b4fc94746507e200c118",
        "version" : "1.3.2"
      }
    },
    {
      "identity" : "uickeychainstore",
      "kind" : "remoteSourceControl",
      "location" : "https://github.com/kishikawakatsumi/UICKeyChainStore",
      "state" : {
        "revision" : "8220ac38124613fb709508426f75fbac6921e261",
        "version" : "2.2.1"
      }
    }
  ],
  "version" : 3
}
